// !$*UTF8*$!
{
	archiveVersion = 1;
	classes = {
	};
	objectVersion = 77;
	objects = {

/* Begin PBXContainerItemProxy section */
		DB8561112CC28607003309C3 /* PBXContainerItemProxy */ = {
			isa = PBXContainerItemProxy;
			containerPortal = DB8560F22CC28605003309C3 /* Project object */;
			proxyType = 1;
			remoteGlobalIDString = DB8560F92CC28605003309C3;
			remoteInfo = "Cluster Headache Tracker";
		};
		DB85611B2CC28607003309C3 /* PBXContainerItemProxy */ = {
			isa = PBXContainerItemProxy;
			containerPortal = DB8560F22CC28605003309C3 /* Project object */;
			proxyType = 1;
			remoteGlobalIDString = DB8560F92CC28605003309C3;
			remoteInfo = "Cluster Headache Tracker";
		};
/* End PBXContainerItemProxy section */

/* Begin PBXFileReference section */
		DB8560FA2CC28605003309C3 /* Cluster Headache Tracker.app */ = {isa = PBXFileReference; explicitFileType = wrapper.application; includeInIndex = 0; path = "Cluster Headache Tracker.app"; sourceTree = BUILT_PRODUCTS_DIR; };
		DB8561102CC28607003309C3 /* Cluster Headache TrackerTests.xctest */ = {isa = PBXFileReference; explicitFileType = wrapper.cfbundle; includeInIndex = 0; path = "Cluster Headache TrackerTests.xctest"; sourceTree = BUILT_PRODUCTS_DIR; };
		DB85611A2CC28607003309C3 /* Cluster Headache TrackerUITests.xctest */ = {isa = PBXFileReference; explicitFileType = wrapper.cfbundle; includeInIndex = 0; path = "Cluster Headache TrackerUITests.xctest"; sourceTree = BUILT_PRODUCTS_DIR; };
/* End PBXFileReference section */

/* Begin PBXFileSystemSynchronizedBuildFileExceptionSet section */
		DB8561222CC28607003309C3 /* Exceptions for "Cluster Headache Tracker" folder in "Cluster Headache Tracker" target */ = {
			isa = PBXFileSystemSynchronizedBuildFileExceptionSet;
			membershipExceptions = (
				Info.plist,
			);
			target = DB8560F92CC28605003309C3 /* Cluster Headache Tracker */;
		};
/* End PBXFileSystemSynchronizedBuildFileExceptionSet section */

/* Begin PBXFileSystemSynchronizedRootGroup section */
		DB8560FC2CC28605003309C3 /* Cluster Headache Tracker */ = {
			isa = PBXFileSystemSynchronizedRootGroup;
			exceptions = (
				DB8561222CC28607003309C3 /* Exceptions for "Cluster Headache Tracker" folder in "Cluster Headache Tracker" target */,
			);
			path = "Cluster Headache Tracker";
			sourceTree = "<group>";
		};
		DB8561132CC28607003309C3 /* Cluster Headache TrackerTests */ = {
			isa = PBXFileSystemSynchronizedRootGroup;
			path = "Cluster Headache TrackerTests";
			sourceTree = "<group>";
		};
		DB85611D2CC28607003309C3 /* Cluster Headache TrackerUITests */ = {
			isa = PBXFileSystemSynchronizedRootGroup;
			path = "Cluster Headache TrackerUITests";
			sourceTree = "<group>";
		};
/* End PBXFileSystemSynchronizedRootGroup section */

/* Begin PBXFrameworksBuildPhase section */
		DB8560F72CC28605003309C3 /* Frameworks */ = {
			isa = PBXFrameworksBuildPhase;
			buildActionMask = 2147483647;
			files = (
			);
			runOnlyForDeploymentPostprocessing = 0;
		};
		DB85610D2CC28607003309C3 /* Frameworks */ = {
			isa = PBXFrameworksBuildPhase;
			buildActionMask = 2147483647;
			files = (
			);
			runOnlyForDeploymentPostprocessing = 0;
		};
		DB8561172CC28607003309C3 /* Frameworks */ = {
			isa = PBXFrameworksBuildPhase;
			buildActionMask = 2147483647;
			files = (
			);
			runOnlyForDeploymentPostprocessing = 0;
		};
/* End PBXFrameworksBuildPhase section */

/* Begin PBXGroup section */
		DB8560F12CC28605003309C3 = {
			isa = PBXGroup;
			children = (
				DB8560FC2CC28605003309C3 /* Cluster Headache Tracker */,
				DB8561132CC28607003309C3 /* Cluster Headache TrackerTests */,
				DB85611D2CC28607003309C3 /* Cluster Headache TrackerUITests */,
				DB8560FB2CC28605003309C3 /* Products */,
			);
			sourceTree = "<group>";
		};
		DB8560FB2CC28605003309C3 /* Products */ = {
			isa = PBXGroup;
			children = (
				DB8560FA2CC28605003309C3 /* Cluster Headache Tracker.app */,
				DB8561102CC28607003309C3 /* Cluster Headache TrackerTests.xctest */,
				DB85611A2CC28607003309C3 /* Cluster Headache TrackerUITests.xctest */,
			);
			name = Products;
			sourceTree = "<group>";
		};
/* End PBXGroup section */

/* Begin PBXNativeTarget section */
		DB8560F92CC28605003309C3 /* Cluster Headache Tracker */ = {
			isa = PBXNativeTarget;
			buildConfigurationList = DB8561232CC28607003309C3 /* Build configuration list for PBXNativeTarget "Cluster Headache Tracker" */;
			buildPhases = (
				DB8560F62CC28605003309C3 /* Sources */,
				DB8560F72CC28605003309C3 /* Frameworks */,
				DB8560F82CC28605003309C3 /* Resources */,
			);
			buildRules = (
			);
			dependencies = (
			);
			fileSystemSynchronizedGroups = (
				DB8560FC2CC28605003309C3 /* Cluster Headache Tracker */,
			);
			name = "Cluster Headache Tracker";
			packageProductDependencies = (
			);
			productName = "Cluster Headache Tracker";
			productReference = DB8560FA2CC28605003309C3 /* Cluster Headache Tracker.app */;
			productType = "com.apple.product-type.application";
		};
		DB85610F2CC28607003309C3 /* Cluster Headache TrackerTests */ = {
			isa = PBXNativeTarget;
			buildConfigurationList = DB8561282CC28607003309C3 /* Build configuration list for PBXNativeTarget "Cluster Headache TrackerTests" */;
			buildPhases = (
				DB85610C2CC28607003309C3 /* Sources */,
				DB85610D2CC28607003309C3 /* Frameworks */,
				DB85610E2CC28607003309C3 /* Resources */,
			);
			buildRules = (
			);
			dependencies = (
				DB8561122CC28607003309C3 /* PBXTargetDependency */,
			);
			fileSystemSynchronizedGroups = (
				DB8561132CC28607003309C3 /* Cluster Headache TrackerTests */,
			);
			name = "Cluster Headache TrackerTests";
			packageProductDependencies = (
			);
			productName = "Cluster Headache TrackerTests";
			productReference = DB8561102CC28607003309C3 /* Cluster Headache TrackerTests.xctest */;
			productType = "com.apple.product-type.bundle.unit-test";
		};
		DB8561192CC28607003309C3 /* Cluster Headache TrackerUITests */ = {
			isa = PBXNativeTarget;
			buildConfigurationList = DB85612B2CC28607003309C3 /* Build configuration list for PBXNativeTarget "Cluster Headache TrackerUITests" */;
			buildPhases = (
				DB8561162CC28607003309C3 /* Sources */,
				DB8561172CC28607003309C3 /* Frameworks */,
				DB8561182CC28607003309C3 /* Resources */,
			);
			buildRules = (
			);
			dependencies = (
				DB85611C2CC28607003309C3 /* PBXTargetDependency */,
			);
			fileSystemSynchronizedGroups = (
				DB85611D2CC28607003309C3 /* Cluster Headache TrackerUITests */,
			);
			name = "Cluster Headache TrackerUITests";
			packageProductDependencies = (
			);
			productName = "Cluster Headache TrackerUITests";
			productReference = DB85611A2CC28607003309C3 /* Cluster Headache TrackerUITests.xctest */;
			productType = "com.apple.product-type.bundle.ui-testing";
		};
/* End PBXNativeTarget section */

/* Begin PBXProject section */
		DB8560F22CC28605003309C3 /* Project object */ = {
			isa = PBXProject;
			attributes = {
				BuildIndependentTargetsInParallel = 1;
				LastSwiftUpdateCheck = 1600;
				LastUpgradeCheck = 1600;
				TargetAttributes = {
					DB8560F92CC28605003309C3 = {
						CreatedOnToolsVersion = 16.0;
					};
					DB85610F2CC28607003309C3 = {
						CreatedOnToolsVersion = 16.0;
						TestTargetID = DB8560F92CC28605003309C3;
					};
					DB8561192CC28607003309C3 = {
						CreatedOnToolsVersion = 16.0;
						TestTargetID = DB8560F92CC28605003309C3;
					};
				};
			};
			buildConfigurationList = DB8560F52CC28605003309C3 /* Build configuration list for PBXProject "Cluster Headache Tracker" */;
			developmentRegion = en;
			hasScannedForEncodings = 0;
			knownRegions = (
				en,
				Base,
			);
			mainGroup = DB8560F12CC28605003309C3;
			minimizedProjectReferenceProxies = 1;
			preferredProjectObjectVersion = 77;
			productRefGroup = DB8560FB2CC28605003309C3 /* Products */;
			projectDirPath = "";
			projectRoot = "";
			targets = (
				DB8560F92CC28605003309C3 /* Cluster Headache Tracker */,
				DB85610F2CC28607003309C3 /* Cluster Headache TrackerTests */,
				DB8561192CC28607003309C3 /* Cluster Headache TrackerUITests */,
			);
		};
/* End PBXProject section */

/* Begin PBXResourcesBuildPhase section */
		DB8560F82CC28605003309C3 /* Resources */ = {
			isa = PBXResourcesBuildPhase;
			buildActionMask = 2147483647;
			files = (
			);
			runOnlyForDeploymentPostprocessing = 0;
		};
		DB85610E2CC28607003309C3 /* Resources */ = {
			isa = PBXResourcesBuildPhase;
			buildActionMask = 2147483647;
			files = (
			);
			runOnlyForDeploymentPostprocessing = 0;
		};
		DB8561182CC28607003309C3 /* Resources */ = {
			isa = PBXResourcesBuildPhase;
			buildActionMask = 2147483647;
			files = (
			);
			runOnlyForDeploymentPostprocessing = 0;
		};
/* End PBXResourcesBuildPhase section */

/* Begin PBXSourcesBuildPhase section */
		DB8560F62CC28605003309C3 /* Sources */ = {
			isa = PBXSourcesBuildPhase;
			buildActionMask = 2147483647;
			files = (
			);
			runOnlyForDeploymentPostprocessing = 0;
		};
		DB85610C2CC28607003309C3 /* Sources */ = {
			isa = PBXSourcesBuildPhase;
			buildActionMask = 2147483647;
			files = (
			);
			runOnlyForDeploymentPostprocessing = 0;
		};
		DB8561162CC28607003309C3 /* Sources */ = {
			isa = PBXSourcesBuildPhase;
			buildActionMask = 2147483647;
			files = (
			);
			runOnlyForDeploymentPostprocessing = 0;
		};
/* End PBXSourcesBuildPhase section */

/* Begin PBXTargetDependency section */
		DB8561122CC28607003309C3 /* PBXTargetDependency */ = {
			isa = PBXTargetDependency;
			target = DB8560F92CC28605003309C3 /* Cluster Headache Tracker */;
			targetProxy = DB8561112CC28607003309C3 /* PBXContainerItemProxy */;
		};
		DB85611C2CC28607003309C3 /* PBXTargetDependency */ = {
			isa = PBXTargetDependency;
			target = DB8560F92CC28605003309C3 /* Cluster Headache Tracker */;
			targetProxy = DB85611B2CC28607003309C3 /* PBXContainerItemProxy */;
		};
/* End PBXTargetDependency section */

/* Begin XCBuildConfiguration section */
		DB8561242CC28607003309C3 /* Debug */ = {
			isa = XCBuildConfiguration;
			buildSettings = {
				ASSETCATALOG_COMPILER_APPICON_NAME = AppIcon;
				ASSETCATALOG_COMPILER_GLOBAL_ACCENT_COLOR_NAME = AccentColor;
				CODE_SIGN_STYLE = Automatic;
				CURRENT_PROJECT_VERSION = 1;
				DEVELOPMENT_TEAM = JPL7999US3;
				GENERATE_INFOPLIST_FILE = YES;
				INFOPLIST_FILE = "Cluster Headache Tracker/Info.plist";
				INFOPLIST_KEY_UIApplicationSupportsIndirectInputEvents = YES;
				INFOPLIST_KEY_UILaunchStoryboardName = LaunchScreen;
				INFOPLIST_KEY_UIMainStoryboardFile = Main;
				INFOPLIST_KEY_UISupportedInterfaceOrientations_iPad = "UIInterfaceOrientationPortrait UIInterfaceOrientationPortraitUpsideDown UIInterfaceOrientationLandscapeLeft UIInterfaceOrientationLandscapeRight";
				INFOPLIST_KEY_UISupportedInterfaceOrientations_iPhone = "UIInterfaceOrientationPortrait UIInterfaceOrientationLandscapeLeft UIInterfaceOrientationLandscapeRight";
				LD_RUNPATH_SEARCH_PATHS = (
					"$(inherited)",
					"@executable_path/Frameworks",
				);
				MARKETING_VERSION = 1.0;
				PRODUCT_BUNDLE_IDENTIFIER = "me.paolino.Cluster-Headache-Tracker";
				PRODUCT_NAME = "$(TARGET_NAME)";
				SWIFT_EMIT_LOC_STRINGS = YES;
				SWIFT_VERSION = 5.0;
				TARGETED_DEVICE_FAMILY = "1,2";
			};
			name = Debug;
		};
		DB8561252CC28607003309C3 /* Release */ = {
			isa = XCBuildConfiguration;
			buildSettings = {
				ASSETCATALOG_COMPILER_APPICON_NAME = AppIcon;
				ASSETCATALOG_COMPILER_GLOBAL_ACCENT_COLOR_NAME = AccentColor;
				CODE_SIGN_STYLE = Automatic;
				CURRENT_PROJECT_VERSION = 1;
				DEVELOPMENT_TEAM = JPL7999US3;
				GENERATE_INFOPLIST_FILE = YES;
				INFOPLIST_FILE = "Cluster Headache Tracker/Info.plist";
				INFOPLIST_KEY_UIApplicationSupportsIndirectInputEvents = YES;
				INFOPLIST_KEY_UILaunchStoryboardName = LaunchScreen;
				INFOPLIST_KEY_UIMainStoryboardFile = Main;
				INFOPLIST_KEY_UISupportedInterfaceOrientations_iPad = "UIInterfaceOrientationPortrait UIInterfaceOrientationPortraitUpsideDown UIInterfaceOrientationLandscapeLeft UIInterfaceOrientationLandscapeRight";
				INFOPLIST_KEY_UISupportedInterfaceOrientations_iPhone = "UIInterfaceOrientationPortrait UIInterfaceOrientationLandscapeLeft UIInterfaceOrientationLandscapeRight";
				LD_RUNPATH_SEARCH_PATHS = (
					"$(inherited)",
					"@executable_path/Frameworks",
				);
				MARKETING_VERSION = 1.0;
				PRODUCT_BUNDLE_IDENTIFIER = "me.paolino.Cluster-Headache-Tracker";
				PRODUCT_NAME = "$(TARGET_NAME)";
				SWIFT_EMIT_LOC_STRINGS = YES;
				SWIFT_VERSION = 5.0;
				TARGETED_DEVICE_FAMILY = "1,2";
			};
			name = Release;
		};
		DB8561262CC28607003309C3 /* Debug */ = {
			isa = XCBuildConfiguration;
			buildSettings = {
				ALWAYS_SEARCH_USER_PATHS = NO;
				ASSETCATALOG_COMPILER_GENERATE_SWIFT_ASSET_SYMBOL_EXTENSIONS = YES;
				CLANG_ANALYZER_NONNULL = YES;
				CLANG_ANALYZER_NUMBER_OBJECT_CONVERSION = YES_AGGRESSIVE;
				CLANG_CXX_LANGUAGE_STANDARD = "gnu++20";
				CLANG_ENABLE_MODULES = YES;
				CLANG_ENABLE_OBJC_ARC = YES;
				CLANG_ENABLE_OBJC_WEAK = YES;
				CLANG_WARN_BLOCK_CAPTURE_AUTORELEASING = YES;
				CLANG_WARN_BOOL_CONVERSION = YES;
				CLANG_WARN_COMMA = YES;
				CLANG_WARN_CONSTANT_CONVERSION = YES;
				CLANG_WARN_DEPRECATED_OBJC_IMPLEMENTATIONS = YES;
				CLANG_WARN_DIRECT_OBJC_ISA_USAGE = YES_ERROR;
				CLANG_WARN_DOCUMENTATION_COMMENTS = YES;
				CLANG_WARN_EMPTY_BODY = YES;
				CLANG_WARN_ENUM_CONVERSION = YES;
				CLANG_WARN_INFINITE_RECURSION = YES;
				CLANG_WARN_INT_CONVERSION = YES;
				CLANG_WARN_NON_LITERAL_NULL_CONVERSION = YES;
				CLANG_WARN_OBJC_IMPLICIT_RETAIN_SELF = YES;
				CLANG_WARN_OBJC_LITERAL_CONVERSION = YES;
				CLANG_WARN_OBJC_ROOT_CLASS = YES_ERROR;
				CLANG_WARN_QUOTED_INCLUDE_IN_FRAMEWORK_HEADER = YES;
				CLANG_WARN_RANGE_LOOP_ANALYSIS = YES;
				CLANG_WARN_STRICT_PROTOTYPES = YES;
				CLANG_WARN_SUSPICIOUS_MOVE = YES;
				CLANG_WARN_UNGUARDED_AVAILABILITY = YES_AGGRESSIVE;
				CLANG_WARN_UNREACHABLE_CODE = YES;
				CLANG_WARN__DUPLICATE_METHOD_MATCH = YES;
				COPY_PHASE_STRIP = NO;
				DEBUG_INFORMATION_FORMAT = dwarf;
				ENABLE_STRICT_OBJC_MSGSEND = YES;
				ENABLE_TESTABILITY = YES;
				ENABLE_USER_SCRIPT_SANDBOXING = YES;
				GCC_C_LANGUAGE_STANDARD = gnu17;
				GCC_DYNAMIC_NO_PIC = NO;
				GCC_NO_COMMON_BLOCKS = YES;
				GCC_OPTIMIZATION_LEVEL = 0;
				GCC_PREPROCESSOR_DEFINITIONS = (
					"DEBUG=1",
					"$(inherited)",
				);
				GCC_WARN_64_TO_32_BIT_CONVERSION = YES;
				GCC_WARN_ABOUT_RETURN_TYPE = YES_ERROR;
				GCC_WARN_UNDECLARED_SELECTOR = YES;
				GCC_WARN_UNINITIALIZED_AUTOS = YES_AGGRESSIVE;
				GCC_WARN_UNUSED_FUNCTION = YES;
				GCC_WARN_UNUSED_VARIABLE = YES;
				IPHONEOS_DEPLOYMENT_TARGET = 18.0;
				LOCALIZATION_PREFERS_STRING_CATALOGS = YES;
				MTL_ENABLE_DEBUG_INFO = INCLUDE_SOURCE;
				MTL_FAST_MATH = YES;
				ONLY_ACTIVE_ARCH = YES;
				SDKROOT = iphoneos;
				SWIFT_ACTIVE_COMPILATION_CONDITIONS = "DEBUG $(inherited)";
				SWIFT_OPTIMIZATION_LEVEL = "-Onone";
			};
			name = Debug;
		};
		DB8561272CC28607003309C3 /* Release */ = {
			isa = XCBuildConfiguration;
			buildSettings = {
				ALWAYS_SEARCH_USER_PATHS = NO;
				ASSETCATALOG_COMPILER_GENERATE_SWIFT_ASSET_SYMBOL_EXTENSIONS = YES;
				CLANG_ANALYZER_NONNULL = YES;
				CLANG_ANALYZER_NUMBER_OBJECT_CONVERSION = YES_AGGRESSIVE;
				CLANG_CXX_LANGUAGE_STANDARD = "gnu++20";
				CLANG_ENABLE_MODULES = YES;
				CLANG_ENABLE_OBJC_ARC = YES;
				CLANG_ENABLE_OBJC_WEAK = YES;
				CLANG_WARN_BLOCK_CAPTURE_AUTORELEASING = YES;
				CLANG_WARN_BOOL_CONVERSION = YES;
				CLANG_WARN_COMMA = YES;
				CLANG_WARN_CONSTANT_CONVERSION = YES;
				CLANG_WARN_DEPRECATED_OBJC_IMPLEMENTATIONS = YES;
				CLANG_WARN_DIRECT_OBJC_ISA_USAGE = YES_ERROR;
				CLANG_WARN_DOCUMENTATION_COMMENTS = YES;
				CLANG_WARN_EMPTY_BODY = YES;
				CLANG_WARN_ENUM_CONVERSION = YES;
				CLANG_WARN_INFINITE_RECURSION = YES;
				CLANG_WARN_INT_CONVERSION = YES;
				CLANG_WARN_NON_LITERAL_NULL_CONVERSION = YES;
				CLANG_WARN_OBJC_IMPLICIT_RETAIN_SELF = YES;
				CLANG_WARN_OBJC_LITERAL_CONVERSION = YES;
				CLANG_WARN_OBJC_ROOT_CLASS = YES_ERROR;
				CLANG_WARN_QUOTED_INCLUDE_IN_FRAMEWORK_HEADER = YES;
				CLANG_WARN_RANGE_LOOP_ANALYSIS = YES;
				CLANG_WARN_STRICT_PROTOTYPES = YES;
				CLANG_WARN_SUSPICIOUS_MOVE = YES;
				CLANG_WARN_UNGUARDED_AVAILABILITY = YES_AGGRESSIVE;
				CLANG_WARN_UNREACHABLE_CODE = YES;
				CLANG_WARN__DUPLICATE_METHOD_MATCH = YES;
				COPY_PHASE_STRIP = NO;
				DEBUG_INFORMATION_FORMAT = "dwarf-with-dsym";
				ENABLE_NS_ASSERTIONS = NO;
				ENABLE_STRICT_OBJC_MSGSEND = YES;
				ENABLE_USER_SCRIPT_SANDBOXING = YES;
				GCC_C_LANGUAGE_STANDARD = gnu17;
				GCC_NO_COMMON_BLOCKS = YES;
				GCC_WARN_64_TO_32_BIT_CONVERSION = YES;
				GCC_WARN_ABOUT_RETURN_TYPE = YES_ERROR;
				GCC_WARN_UNDECLARED_SELECTOR = YES;
				GCC_WARN_UNINITIALIZED_AUTOS = YES_AGGRESSIVE;
				GCC_WARN_UNUSED_FUNCTION = YES;
				GCC_WARN_UNUSED_VARIABLE = YES;
				IPHONEOS_DEPLOYMENT_TARGET = 18.0;
				LOCALIZATION_PREFERS_STRING_CATALOGS = YES;
				MTL_ENABLE_DEBUG_INFO = NO;
				MTL_FAST_MATH = YES;
				SDKROOT = iphoneos;
				SWIFT_COMPILATION_MODE = wholemodule;
				VALIDATE_PRODUCT = YES;
			};
			name = Release;
		};
		DB8561292CC28607003309C3 /* Debug */ = {
			isa = XCBuildConfiguration;
			buildSettings = {
				BUNDLE_LOADER = "$(TEST_HOST)";
				CODE_SIGN_STYLE = Automatic;
				CURRENT_PROJECT_VERSION = 1;
				DEVELOPMENT_TEAM = JPL7999US3;
				GENERATE_INFOPLIST_FILE = YES;
				IPHONEOS_DEPLOYMENT_TARGET = 18.0;
				MARKETING_VERSION = 1.0;
				PRODUCT_BUNDLE_IDENTIFIER = "me.paolino.Cluster-Headache-TrackerTests";
				PRODUCT_NAME = "$(TARGET_NAME)";
				SWIFT_EMIT_LOC_STRINGS = NO;
				SWIFT_VERSION = 5.0;
				TARGETED_DEVICE_FAMILY = "1,2";
				TEST_HOST = "$(BUILT_PRODUCTS_DIR)/Cluster Headache Tracker.app/$(BUNDLE_EXECUTABLE_FOLDER_PATH)/Cluster Headache Tracker";
			};
			name = Debug;
		};
		DB85612A2CC28607003309C3 /* Release */ = {
			isa = XCBuildConfiguration;
			buildSettings = {
				BUNDLE_LOADER = "$(TEST_HOST)";
				CODE_SIGN_STYLE = Automatic;
				CURRENT_PROJECT_VERSION = 1;
				DEVELOPMENT_TEAM = JPL7999US3;
				GENERATE_INFOPLIST_FILE = YES;
				IPHONEOS_DEPLOYMENT_TARGET = 18.0;
				MARKETING_VERSION = 1.0;
				PRODUCT_BUNDLE_IDENTIFIER = "me.paolino.Cluster-Headache-TrackerTests";
				PRODUCT_NAME = "$(TARGET_NAME)";
				SWIFT_EMIT_LOC_STRINGS = NO;
				SWIFT_VERSION = 5.0;
				TARGETED_DEVICE_FAMILY = "1,2";
				TEST_HOST = "$(BUILT_PRODUCTS_DIR)/Cluster Headache Tracker.app/$(BUNDLE_EXECUTABLE_FOLDER_PATH)/Cluster Headache Tracker";
			};
			name = Release;
		};
		DB85612C2CC28607003309C3 /* Debug */ = {
			isa = XCBuildConfiguration;
			buildSettings = {
				CODE_SIGN_STYLE = Automatic;
				CURRENT_PROJECT_VERSION = 1;
				DEVELOPMENT_TEAM = JPL7999US3;
				GENERATE_INFOPLIST_FILE = YES;
				MARKETING_VERSION = 1.0;
				PRODUCT_BUNDLE_IDENTIFIER = "me.paolino.Cluster-Headache-TrackerUITests";
				PRODUCT_NAME = "$(TARGET_NAME)";
				SWIFT_EMIT_LOC_STRINGS = NO;
				SWIFT_VERSION = 5.0;
				TARGETED_DEVICE_FAMILY = "1,2";
				TEST_TARGET_NAME = "Cluster Headache Tracker";
			};
			name = Debug;
		};
		DB85612D2CC28607003309C3 /* Release */ = {
			isa = XCBuildConfiguration;
			buildSettings = {
				CODE_SIGN_STYLE = Automatic;
				CURRENT_PROJECT_VERSION = 1;
				DEVELOPMENT_TEAM = JPL7999US3;
				GENERATE_INFOPLIST_FILE = YES;
				MARKETING_VERSION = 1.0;
				PRODUCT_BUNDLE_IDENTIFIER = "me.paolino.Cluster-Headache-TrackerUITests";
				PRODUCT_NAME = "$(TARGET_NAME)";
				SWIFT_EMIT_LOC_STRINGS = NO;
				SWIFT_VERSION = 5.0;
				TARGETED_DEVICE_FAMILY = "1,2";
				TEST_TARGET_NAME = "Cluster Headache Tracker";
			};
			name = Release;
		};
/* End XCBuildConfiguration section */

/* Begin XCConfigurationList section */
		DB8560F52CC28605003309C3 /* Build configuration list for PBXProject "Cluster Headache Tracker" */ = {
			isa = XCConfigurationList;
			buildConfigurations = (
				DB8561262CC28607003309C3 /* Debug */,
				DB8561272CC28607003309C3 /* Release */,
			);
			defaultConfigurationIsVisible = 0;
			defaultConfigurationName = Release;
		};
		DB8561232CC28607003309C3 /* Build configuration list for PBXNativeTarget "Cluster Headache Tracker" */ = {
			isa = XCConfigurationList;
			buildConfigurations = (
				DB8561242CC28607003309C3 /* Debug */,
				DB8561252CC28607003309C3 /* Release */,
			);
			defaultConfigurationIsVisible = 0;
			defaultConfigurationName = Release;
		};
		DB8561282CC28607003309C3 /* Build configuration list for PBXNativeTarget "Cluster Headache TrackerTests" */ = {
			isa = XCConfigurationList;
			buildConfigurations = (
				DB8561292CC28607003309C3 /* Debug */,
				DB85612A2CC28607003309C3 /* Release */,
			);
			defaultConfigurationIsVisible = 0;
			defaultConfigurationName = Release;
		};
		DB85612B2CC28607003309C3 /* Build configuration list for PBXNativeTarget "Cluster Headache TrackerUITests" */ = {
			isa = XCConfigurationList;
			buildConfigurations = (
				DB85612C2CC28607003309C3 /* Debug */,
				DB85612D2CC28607003309C3 /* Release */,
			);
			defaultConfigurationIsVisible = 0;
			defaultConfigurationName = Release;
		};
/* End XCConfigurationList section */
	};
	rootObject = DB8560F22CC28605003309C3 /* Project object */;
}
