{
  "originHash" : "9f9c4601c8eab6d2d4aa15fdab4202d5f75d7615b9db2d60d03dfe2f5876e4ae",
  "pins" : [
    {
      "identity" : "honeybadger-cocoa",
      "kind" : "remoteSourceControl",
      "location" : "https://github.com/honeybadger-io/honeybadger-cocoa",
      "state" : {
        "revision" : "0f5ae78fa04e69cafcf03a97293b1de82ce4e551",
        "version" : "1.1.0"
      }
    }
  ],
  "version" : 3
}
