{
  "pins" : [
    {
      "identity" : "bridge-components",
      "kind" : "remoteSourceControl",
      "location" : "https://github.com/joemasilotti/bridge-components",
      "state" : {
        "revision" : "67d2d3c7dad38b4e47e0a6057a9ce890366d45a2",
        "version" : "0.13.2"
      }
    },
    {
      "identity" : "honeybadger-cocoa",
      "kind" : "remoteSourceControl",
      "location" : "https://github.com/honeybadger-io/honeybadger-cocoa",
      "state" : {
        "revision" : "0f5ae78fa04e69cafcf03a97293b1de82ce4e551",
        "version" : "1.1.0"
      }
    },
    {
      "identity" : "hotwire-native-ios",
      "kind" : "remoteSourceControl",
      "location" : "https://github.com/hotwired/hotwire-native-ios",
      "state" : {
        "branch" : "main",
        "revision" : "5089cfaa26c45c00389f99dfffc4dfd0561b738b"
      }
    }
  ],
  "version" : 3
}
